
Microsoft Visual Studio Solution File, Format Version 12.00
# Visual Studio Version 17
VisualStudioVersion = 17.14.36717.8 d17.14
MinimumVisualStudioVersion = 10.0.40219.1
Project("{FAE04EC0-301F-11D3-BF4B-00C04F79EFBC}") = "Созданию приложения для управления задачами", "Созданию приложения для управления задачами.csproj", "{0E1F9EAF-A9E2-4F21-A87E-D79F81A861E0}"
EndProject
Global
	GlobalSection(SolutionConfigurationPlatforms) = preSolution
		Debug|Any CPU = Debug|Any CPU
		Release|Any CPU = Release|Any CPU
	EndGlobalSection
	GlobalSection(ProjectConfigurationPlatforms) = postSolution
		{0E1F9EAF-A9E2-4F21-A87E-D79F81A861E0}.Debug|Any CPU.ActiveCfg = Debug|Any CPU
		{0E1F9EAF-A9E2-4F21-A87E-D79F81A861E0}.Debug|Any CPU.Build.0 = Debug|Any CPU
		{0E1F9EAF-A9E2-4F21-A87E-D79F81A861E0}.Release|Any CPU.ActiveCfg = Release|Any CPU
		{0E1F9EAF-A9E2-4F21-A87E-D79F81A861E0}.Release|Any CPU.Build.0 = Release|Any CPU
	EndGlobalSection
	GlobalSection(SolutionProperties) = preSolution
		HideSolutionNode = FALSE
	EndGlobalSection
	GlobalSection(ExtensibilityGlobals) = postSolution
		SolutionGuid = {28905679-1DFD-4D6F-8A6A-B14ECFA17383}
	EndGlobalSection
EndGlobal
